// !$*UTF8*$!
{
	archiveVersion = 1;
	classes = {
	};
	objectVersion = 50;
	objects = {

/* Begin PBXBuildFile section */
		F6896E5324069DE5006046DC /* Preview Assets.xcassets in Resources */ = {isa = PBXBuildFile; fileRef = F6896E5224069DE5006046DC /* Preview Assets.xcassets */; };
		F6896E5624069DE5006046DC /* LaunchScreen.storyboard in Resources */ = {isa = PBXBuildFile; fileRef = F6896E5424069DE5006046DC /* LaunchScreen.storyboard */; };
		F6896E6524069F24006046DC /* Assets.xcassets in Resources */ = {isa = PBXBuildFile; fileRef = F6896E6224069F24006046DC /* Assets.xcassets */; };
		F6896E6624069F24006046DC /* AppDelegate.swift in Sources */ = {isa = PBXBuildFile; fileRef = F6896E6324069F24006046DC /* AppDelegate.swift */; };
		F6896E6724069F24006046DC /* SceneDelegate.swift in Sources */ = {isa = PBXBuildFile; fileRef = F6896E6424069F24006046DC /* SceneDelegate.swift */; };
		F6896E6B24069FAD006046DC /* SearchMovie.swift in Sources */ = {isa = PBXBuildFile; fileRef = F6896E6A24069FAD006046DC /* SearchMovie.swift */; };
		F6896E6D24069FF0006046DC /* SearchMovieModel.swift in Sources */ = {isa = PBXBuildFile; fileRef = F6896E6C24069FF0006046DC /* SearchMovieModel.swift */; };
		F6896E702406A063006046DC /* APIService.swift in Sources */ = {isa = PBXBuildFile; fileRef = F6896E6F2406A063006046DC /* APIService.swift */; };
/* End PBXBuildFile section */

/* Begin PBXFileReference section */
		F6896E4624069DE3006046DC /* MovieGeek.app */ = {isa = PBXFileReference; explicitFileType = wrapper.application; includeInIndex = 0; path = MovieGeek.app; sourceTree = BUILT_PRODUCTS_DIR; };
		F6896E5224069DE5006046DC /* Preview Assets.xcassets */ = {isa = PBXFileReference; lastKnownFileType = folder.assetcatalog; path = "Preview Assets.xcassets"; sourceTree = "<group>"; };
		F6896E5524069DE5006046DC /* Base */ = {isa = PBXFileReference; lastKnownFileType = file.storyboard; name = Base; path = Base.lproj/LaunchScreen.storyboard; sourceTree = "<group>"; };
		F6896E5724069DE5006046DC /* Info.plist */ = {isa = PBXFileReference; lastKnownFileType = text.plist.xml; path = Info.plist; sourceTree = "<group>"; };
		F6896E6224069F24006046DC /* Assets.xcassets */ = {isa = PBXFileReference; lastKnownFileType = folder.assetcatalog; path = Assets.xcassets; sourceTree = "<group>"; };
		F6896E6324069F24006046DC /* AppDelegate.swift */ = {isa = PBXFileReference; fileEncoding = 4; lastKnownFileType = sourcecode.swift; path = AppDelegate.swift; sourceTree = "<group>"; };
		F6896E6424069F24006046DC /* SceneDelegate.swift */ = {isa = PBXFileReference; fileEncoding = 4; lastKnownFileType = sourcecode.swift; path = SceneDelegate.swift; sourceTree = "<group>"; };
		F6896E6A24069FAD006046DC /* SearchMovie.swift */ = {isa = PBXFileReference; lastKnownFileType = sourcecode.swift; path = SearchMovie.swift; sourceTree = "<group>"; };
		F6896E6C24069FF0006046DC /* SearchMovieModel.swift */ = {isa = PBXFileReference; lastKnownFileType = sourcecode.swift; path = SearchMovieModel.swift; sourceTree = "<group>"; };
		F6896E6F2406A063006046DC /* APIService.swift */ = {isa = PBXFileReference; lastKnownFileType = sourcecode.swift; path = APIService.swift; sourceTree = "<group>"; };
/* End PBXFileReference section */

/* Begin PBXFrameworksBuildPhase section */
		F6896E4324069DE3006046DC /* Frameworks */ = {
			isa = PBXFrameworksBuildPhase;
			buildActionMask = 2147483647;
			files = (
			);
			runOnlyForDeploymentPostprocessing = 0;
		};
/* End PBXFrameworksBuildPhase section */

/* Begin PBXGroup section */
		F6896E3D24069DE3006046DC = {
			isa = PBXGroup;
			children = (
				F6896E4824069DE3006046DC /* MovieGeek */,
				F6896E4724069DE3006046DC /* Products */,
			);
			sourceTree = "<group>";
		};
		F6896E4724069DE3006046DC /* Products */ = {
			isa = PBXGroup;
			children = (
				F6896E4624069DE3006046DC /* MovieGeek.app */,
			);
			name = Products;
			sourceTree = "<group>";
		};
		F6896E4824069DE3006046DC /* MovieGeek */ = {
			isa = PBXGroup;
			children = (
				F6896E6E2406A04F006046DC /* Services */,
				F6896E6824069F73006046DC /* Modules */,
				F6896E6124069F24006046DC /* Core */,
				F6896E5424069DE5006046DC /* LaunchScreen.storyboard */,
				F6896E5724069DE5006046DC /* Info.plist */,
				F6896E5124069DE5006046DC /* Preview Content */,
			);
			path = MovieGeek;
			sourceTree = "<group>";
		};
		F6896E5124069DE5006046DC /* Preview Content */ = {
			isa = PBXGroup;
			children = (
				F6896E5224069DE5006046DC /* Preview Assets.xcassets */,
			);
			path = "Preview Content";
			sourceTree = "<group>";
		};
		F6896E6124069F24006046DC /* Core */ = {
			isa = PBXGroup;
			children = (
				F6896E6224069F24006046DC /* Assets.xcassets */,
				F6896E6324069F24006046DC /* AppDelegate.swift */,
				F6896E6424069F24006046DC /* SceneDelegate.swift */,
			);
			path = Core;
			sourceTree = "<group>";
		};
		F6896E6824069F73006046DC /* Modules */ = {
			isa = PBXGroup;
			children = (
				F6896E6924069F93006046DC /* SearchMovies */,
			);
			path = Modules;
			sourceTree = "<group>";
		};
		F6896E6924069F93006046DC /* SearchMovies */ = {
			isa = PBXGroup;
			children = (
				F6896E6A24069FAD006046DC /* SearchMovie.swift */,
				F6896E6C24069FF0006046DC /* SearchMovieModel.swift */,
			);
			path = SearchMovies;
			sourceTree = "<group>";
		};
		F6896E6E2406A04F006046DC /* Services */ = {
			isa = PBXGroup;
			children = (
				F6896E6F2406A063006046DC /* APIService.swift */,
			);
			path = Services;
			sourceTree = "<group>";
		};
/* End PBXGroup section */

/* Begin PBXNativeTarget section */
		F6896E4524069DE3006046DC /* MovieGeek */ = {
			isa = PBXNativeTarget;
			buildConfigurationList = F6896E5A24069DE5006046DC /* Build configuration list for PBXNativeTarget "MovieGeek" */;
			buildPhases = (
				F6896E4224069DE3006046DC /* Sources */,
				F6896E4324069DE3006046DC /* Frameworks */,
				F6896E4424069DE3006046DC /* Resources */,
			);
			buildRules = (
			);
			dependencies = (
			);
			name = MovieGeek;
			productName = MovieGeek;
			productReference = F6896E4624069DE3006046DC /* MovieGeek.app */;
			productType = "com.apple.product-type.application";
		};
/* End PBXNativeTarget section */

/* Begin PBXProject section */
		F6896E3E24069DE3006046DC /* Project object */ = {
			isa = PBXProject;
			attributes = {
				LastSwiftUpdateCheck = 1130;
				LastUpgradeCheck = 1130;
				ORGANIZATIONNAME = "Aleksay Matyushkin";
				TargetAttributes = {
					F6896E4524069DE3006046DC = {
						CreatedOnToolsVersion = 11.3;
					};
				};
			};
			buildConfigurationList = F6896E4124069DE3006046DC /* Build configuration list for PBXProject "MovieGeek" */;
			compatibilityVersion = "Xcode 9.3";
			developmentRegion = en;
			hasScannedForEncodings = 0;
			knownRegions = (
				en,
				Base,
			);
			mainGroup = F6896E3D24069DE3006046DC;
			productRefGroup = F6896E4724069DE3006046DC /* Products */;
			projectDirPath = "";
			projectRoot = "";
			targets = (
				F6896E4524069DE3006046DC /* MovieGeek */,
			);
		};
/* End PBXProject section */

/* Begin PBXResourcesBuildPhase section */
		F6896E4424069DE3006046DC /* Resources */ = {
			isa = PBXResourcesBuildPhase;
			buildActionMask = 2147483647;
			files = (
				F6896E5624069DE5006046DC /* LaunchScreen.storyboard in Resources */,
				F6896E5324069DE5006046DC /* Preview Assets.xcassets in Resources */,
				F6896E6524069F24006046DC /* Assets.xcassets in Resources */,
			);
			runOnlyForDeploymentPostprocessing = 0;
		};
/* End PBXResourcesBuildPhase section */

/* Begin PBXSourcesBuildPhase section */
		F6896E4224069DE3006046DC /* Sources */ = {
			isa = PBXSourcesBuildPhase;
			buildActionMask = 2147483647;
			files = (
				F6896E6D24069FF0006046DC /* SearchMovieModel.swift in Sources */,
				F6896E702406A063006046DC /* APIService.swift in Sources */,
				F6896E6724069F24006046DC /* SceneDelegate.swift in Sources */,
				F6896E6624069F24006046DC /* AppDelegate.swift in Sources */,
				F6896E6B24069FAD006046DC /* SearchMovie.swift in Sources */,
			);
			runOnlyForDeploymentPostprocessing = 0;
		};
/* End PBXSourcesBuildPhase section */

/* Begin PBXVariantGroup section */
		F6896E5424069DE5006046DC /* LaunchScreen.storyboard */ = {
			isa = PBXVariantGroup;
			children = (
				F6896E5524069DE5006046DC /* Base */,
			);
			name = LaunchScreen.storyboard;
			sourceTree = "<group>";
		};
/* End PBXVariantGroup section */

/* Begin XCBuildConfiguration section */
		F6896E5824069DE5006046DC /* Debug */ = {
			isa = XCBuildConfiguration;
			buildSettings = {
				ALWAYS_SEARCH_USER_PATHS = NO;
				CLANG_ANALYZER_NONNULL = YES;
				CLANG_ANALYZER_NUMBER_OBJECT_CONVERSION = YES_AGGRESSIVE;
				CLANG_CXX_LANGUAGE_STANDARD = "gnu++14";
				CLANG_CXX_LIBRARY = "libc++";
				CLANG_ENABLE_MODULES = YES;
				CLANG_ENABLE_OBJC_ARC = YES;
				CLANG_ENABLE_OBJC_WEAK = YES;
				CLANG_WARN_BLOCK_CAPTURE_AUTORELEASING = YES;
				CLANG_WARN_BOOL_CONVERSION = YES;
				CLANG_WARN_COMMA = YES;
				CLANG_WARN_CONSTANT_CONVERSION = YES;
				CLANG_WARN_DEPRECATED_OBJC_IMPLEMENTATIONS = YES;
				CLANG_WARN_DIRECT_OBJC_ISA_USAGE = YES_ERROR;
				CLANG_WARN_DOCUMENTATION_COMMENTS = YES;
				CLANG_WARN_EMPTY_BODY = YES;
				CLANG_WARN_ENUM_CONVERSION = YES;
				CLANG_WARN_INFINITE_RECURSION = YES;
				CLANG_WARN_INT_CONVERSION = YES;
				CLANG_WARN_NON_LITERAL_NULL_CONVERSION = YES;
				CLANG_WARN_OBJC_IMPLICIT_RETAIN_SELF = YES;
				CLANG_WARN_OBJC_LITERAL_CONVERSION = YES;
				CLANG_WARN_OBJC_ROOT_CLASS = YES_ERROR;
				CLANG_WARN_RANGE_LOOP_ANALYSIS = YES;
				CLANG_WARN_STRICT_PROTOTYPES = YES;
				CLANG_WARN_SUSPICIOUS_MOVE = YES;
				CLANG_WARN_UNGUARDED_AVAILABILITY = YES_AGGRESSIVE;
				CLANG_WARN_UNREACHABLE_CODE = YES;
				CLANG_WARN__DUPLICATE_METHOD_MATCH = YES;
				COPY_PHASE_STRIP = NO;
				DEBUG_INFORMATION_FORMAT = dwarf;
				ENABLE_STRICT_OBJC_MSGSEND = YES;
				ENABLE_TESTABILITY = YES;
				GCC_C_LANGUAGE_STANDARD = gnu11;
				GCC_DYNAMIC_NO_PIC = NO;
				GCC_NO_COMMON_BLOCKS = YES;
				GCC_OPTIMIZATION_LEVEL = 0;
				GCC_PREPROCESSOR_DEFINITIONS = (
					"DEBUG=1",
					"$(inherited)",
				);
				GCC_WARN_64_TO_32_BIT_CONVERSION = YES;
				GCC_WARN_ABOUT_RETURN_TYPE = YES_ERROR;
				GCC_WARN_UNDECLARED_SELECTOR = YES;
				GCC_WARN_UNINITIALIZED_AUTOS = YES_AGGRESSIVE;
				GCC_WARN_UNUSED_FUNCTION = YES;
				GCC_WARN_UNUSED_VARIABLE = YES;
				IPHONEOS_DEPLOYMENT_TARGET = 13.2;
				MTL_ENABLE_DEBUG_INFO = INCLUDE_SOURCE;
				MTL_FAST_MATH = YES;
				ONLY_ACTIVE_ARCH = YES;
				SDKROOT = iphoneos;
				SWIFT_ACTIVE_COMPILATION_CONDITIONS = DEBUG;
				SWIFT_OPTIMIZATION_LEVEL = "-Onone";
			};
			name = Debug;
		};
		F6896E5924069DE5006046DC /* Release */ = {
			isa = XCBuildConfiguration;
			buildSettings = {
				ALWAYS_SEARCH_USER_PATHS = NO;
				CLANG_ANALYZER_NONNULL = YES;
				CLANG_ANALYZER_NUMBER_OBJECT_CONVERSION = YES_AGGRESSIVE;
				CLANG_CXX_LANGUAGE_STANDARD = "gnu++14";
				CLANG_CXX_LIBRARY = "libc++";
				CLANG_ENABLE_MODULES = YES;
				CLANG_ENABLE_OBJC_ARC = YES;
				CLANG_ENABLE_OBJC_WEAK = YES;
				CLANG_WARN_BLOCK_CAPTURE_AUTORELEASING = YES;
				CLANG_WARN_BOOL_CONVERSION = YES;
				CLANG_WARN_COMMA = YES;
				CLANG_WARN_CONSTANT_CONVERSION = YES;
				CLANG_WARN_DEPRECATED_OBJC_IMPLEMENTATIONS = YES;
				CLANG_WARN_DIRECT_OBJC_ISA_USAGE = YES_ERROR;
				CLANG_WARN_DOCUMENTATION_COMMENTS = YES;
				CLANG_WARN_EMPTY_BODY = YES;
				CLANG_WARN_ENUM_CONVERSION = YES;
				CLANG_WARN_INFINITE_RECURSION = YES;
				CLANG_WARN_INT_CONVERSION = YES;
				CLANG_WARN_NON_LITERAL_NULL_CONVERSION = YES;
				CLANG_WARN_OBJC_IMPLICIT_RETAIN_SELF = YES;
				CLANG_WARN_OBJC_LITERAL_CONVERSION = YES;
				CLANG_WARN_OBJC_ROOT_CLASS = YES_ERROR;
				CLANG_WARN_RANGE_LOOP_ANALYSIS = YES;
				CLANG_WARN_STRICT_PROTOTYPES = YES;
				CLANG_WARN_SUSPICIOUS_MOVE = YES;
				CLANG_WARN_UNGUARDED_AVAILABILITY = YES_AGGRESSIVE;
				CLANG_WARN_UNREACHABLE_CODE = YES;
				CLANG_WARN__DUPLICATE_METHOD_MATCH = YES;
				COPY_PHASE_STRIP = NO;
				DEBUG_INFORMATION_FORMAT = "dwarf-with-dsym";
				ENABLE_NS_ASSERTIONS = NO;
				ENABLE_STRICT_OBJC_MSGSEND = YES;
				GCC_C_LANGUAGE_STANDARD = gnu11;
				GCC_NO_COMMON_BLOCKS = YES;
				GCC_WARN_64_TO_32_BIT_CONVERSION = YES;
				GCC_WARN_ABOUT_RETURN_TYPE = YES_ERROR;
				GCC_WARN_UNDECLARED_SELECTOR = YES;
				GCC_WARN_UNINITIALIZED_AUTOS = YES_AGGRESSIVE;
				GCC_WARN_UNUSED_FUNCTION = YES;
				GCC_WARN_UNUSED_VARIABLE = YES;
				IPHONEOS_DEPLOYMENT_TARGET = 13.2;
				MTL_ENABLE_DEBUG_INFO = NO;
				MTL_FAST_MATH = YES;
				SDKROOT = iphoneos;
				SWIFT_COMPILATION_MODE = wholemodule;
				SWIFT_OPTIMIZATION_LEVEL = "-O";
				VALIDATE_PRODUCT = YES;
			};
			name = Release;
		};
		F6896E5B24069DE5006046DC /* Debug */ = {
			isa = XCBuildConfiguration;
			buildSettings = {
				ASSETCATALOG_COMPILER_APPICON_NAME = AppIcon;
				CODE_SIGN_STYLE = Automatic;
				DEVELOPMENT_ASSET_PATHS = "\"MovieGeek/Preview Content\"";
				DEVELOPMENT_TEAM = 6MWV6L83AV;
				ENABLE_PREVIEWS = YES;
				INFOPLIST_FILE = MovieGeek/Info.plist;
				LD_RUNPATH_SEARCH_PATHS = (
					"$(inherited)",
					"@executable_path/Frameworks",
				);
				PRODUCT_BUNDLE_IDENTIFIER = noOrg.MovieGeek;
				PRODUCT_NAME = "$(TARGET_NAME)";
				SWIFT_VERSION = 5.0;
				TARGETED_DEVICE_FAMILY = "1,2";
			};
			name = Debug;
		};
		F6896E5C24069DE5006046DC /* Release */ = {
			isa = XCBuildConfiguration;
			buildSettings = {
				ASSETCATALOG_COMPILER_APPICON_NAME = AppIcon;
				CODE_SIGN_STYLE = Automatic;
				DEVELOPMENT_ASSET_PATHS = "\"MovieGeek/Preview Content\"";
				DEVELOPMENT_TEAM = 6MWV6L83AV;
				ENABLE_PREVIEWS = YES;
				INFOPLIST_FILE = MovieGeek/Info.plist;
				LD_RUNPATH_SEARCH_PATHS = (
					"$(inherited)",
					"@executable_path/Frameworks",
				);
				PRODUCT_BUNDLE_IDENTIFIER = noOrg.MovieGeek;
				PRODUCT_NAME = "$(TARGET_NAME)";
				SWIFT_VERSION = 5.0;
				TARGETED_DEVICE_FAMILY = "1,2";
			};
			name = Release;
		};
/* End XCBuildConfiguration section */

/* Begin XCConfigurationList section */
		F6896E4124069DE3006046DC /* Build configuration list for PBXProject "MovieGeek" */ = {
			isa = XCConfigurationList;
			buildConfigurations = (
				F6896E5824069DE5006046DC /* Debug */,
				F6896E5924069DE5006046DC /* Release */,
			);
			defaultConfigurationIsVisible = 0;
			defaultConfigurationName = Release;
		};
		F6896E5A24069DE5006046DC /* Build configuration list for PBXNativeTarget "MovieGeek" */ = {
			isa = XCConfigurationList;
			buildConfigurations = (
				F6896E5B24069DE5006046DC /* Debug */,
				F6896E5C24069DE5006046DC /* Release */,
			);
			defaultConfigurationIsVisible = 0;
			defaultConfigurationName = Release;
		};
/* End XCConfigurationList section */
	};
	rootObject = F6896E3E24069DE3006046DC /* Project object */;
}
